
Microsoft Visual Studio Solution File, Format Version 12.00
# Visual Studio Version 17
VisualStudioVersion = 17.1.32328.378
MinimumVisualStudioVersion = 10.0.40219.1
Project("{FAE04EC0-301F-11D3-BF4B-00C04F79EFBC}") = "Blog_rev02", "Blog_rev02\Blog_rev02.csproj", "{AA7C473D-47F1-4EDA-90B8-19D780DCA406}"
EndProject
Global
	GlobalSection(SolutionConfigurationPlatforms) = preSolution
		Debug|Any CPU = Debug|Any CPU
		Release|Any CPU = Release|Any CPU
	EndGlobalSection
	GlobalSection(ProjectConfigurationPlatforms) = postSolution
		{AA7C473D-47F1-4EDA-90B8-19D780DCA406}.Debug|Any CPU.ActiveCfg = Debug|Any CPU
		{AA7C473D-47F1-4EDA-90B8-19D780DCA406}.Debug|Any CPU.Build.0 = Debug|Any CPU
		{AA7C473D-47F1-4EDA-90B8-19D780DCA406}.Release|Any CPU.ActiveCfg = Release|Any CPU
		{AA7C473D-47F1-4EDA-90B8-19D780DCA406}.Release|Any CPU.Build.0 = Release|Any CPU
	EndGlobalSection
	GlobalSection(SolutionProperties) = preSolution
		HideSolutionNode = FALSE
	EndGlobalSection
	GlobalSection(ExtensibilityGlobals) = postSolution
		SolutionGuid = {89956400-1D75-4C3A-A977-0A1145F0B426}
	EndGlobalSection
EndGlobal
